
Microsoft Visual Studio Solution File, Format Version 12.00
# Visual Studio 2012
Project("{FAE04EC0-301F-11D3-BF4B-00C04F79EFBC}") = "HelpUtil", "HelpUtil\HelpUtil.csproj", "{5DFFBD9E-D57A-4BA6-A9F9-67053A9A3C7C}"
EndProject
Project("{FAE04EC0-301F-11D3-BF4B-00C04F79EFBC}") = "IMServer", "IMServer\IMServer.csproj", "{F5E2E2B0-E982-4D10-8CA4-9A9C0AA8F62F}"
EndProject
Project("{FAE04EC0-301F-11D3-BF4B-00C04F79EFBC}") = "Model", "..\..\模型\IM\IM\Model.csproj", "{7328CF97-8CA2-43EB-AA18-6D7DE7FE7F45}"
EndProject
Global
	GlobalSection(SolutionConfigurationPlatforms) = preSolution
		Debug|Any CPU = Debug|Any CPU
		Release|Any CPU = Release|Any CPU
	EndGlobalSection
	GlobalSection(ProjectConfigurationPlatforms) = postSolution
		{5DFFBD9E-D57A-4BA6-A9F9-67053A9A3C7C}.Debug|Any CPU.ActiveCfg = Debug|Any CPU
		{5DFFBD9E-D57A-4BA6-A9F9-67053A9A3C7C}.Debug|Any CPU.Build.0 = Debug|Any CPU
		{5DFFBD9E-D57A-4BA6-A9F9-67053A9A3C7C}.Release|Any CPU.ActiveCfg = Release|Any CPU
		{5DFFBD9E-D57A-4BA6-A9F9-67053A9A3C7C}.Release|Any CPU.Build.0 = Release|Any CPU
		{F5E2E2B0-E982-4D10-8CA4-9A9C0AA8F62F}.Debug|Any CPU.ActiveCfg = Debug|Any CPU
		{F5E2E2B0-E982-4D10-8CA4-9A9C0AA8F62F}.Debug|Any CPU.Build.0 = Debug|Any CPU
		{F5E2E2B0-E982-4D10-8CA4-9A9C0AA8F62F}.Release|Any CPU.ActiveCfg = Release|Any CPU
		{F5E2E2B0-E982-4D10-8CA4-9A9C0AA8F62F}.Release|Any CPU.Build.0 = Release|Any CPU
		{7328CF97-8CA2-43EB-AA18-6D7DE7FE7F45}.Debug|Any CPU.ActiveCfg = Debug|Any CPU
		{7328CF97-8CA2-43EB-AA18-6D7DE7FE7F45}.Debug|Any CPU.Build.0 = Debug|Any CPU
		{7328CF97-8CA2-43EB-AA18-6D7DE7FE7F45}.Release|Any CPU.ActiveCfg = Release|Any CPU
		{7328CF97-8CA2-43EB-AA18-6D7DE7FE7F45}.Release|Any CPU.Build.0 = Release|Any CPU
	EndGlobalSection
	GlobalSection(SolutionProperties) = preSolution
		HideSolutionNode = FALSE
	EndGlobalSection
EndGlobal
